
Microsoft Visual Studio Solution File, Format Version 12.00
# Visual Studio Version 17
VisualStudioVersion = 17.7.34009.444
MinimumVisualStudioVersion = 10.0.40219.1
Project("{9A19103F-16F7-4668-BE54-9A1E7A4F7556}") = "Pratica_parte1", "Pratica_parte1.csproj", "{60D3BBBB-FE6D-4F6A-8FA6-B67BD33ED8C9}"
EndProject
Global
	GlobalSection(SolutionConfigurationPlatforms) = preSolution
		Debug|Any CPU = Debug|Any CPU
		Release|Any CPU = Release|Any CPU
	EndGlobalSection
	GlobalSection(ProjectConfigurationPlatforms) = postSolution
		{60D3BBBB-FE6D-4F6A-8FA6-B67BD33ED8C9}.Debug|Any CPU.ActiveCfg = Debug|Any CPU
		{60D3BBBB-FE6D-4F6A-8FA6-B67BD33ED8C9}.Debug|Any CPU.Build.0 = Debug|Any CPU
		{60D3BBBB-FE6D-4F6A-8FA6-B67BD33ED8C9}.Release|Any CPU.ActiveCfg = Release|Any CPU
		{60D3BBBB-FE6D-4F6A-8FA6-B67BD33ED8C9}.Release|Any CPU.Build.0 = Release|Any CPU
	EndGlobalSection
	GlobalSection(SolutionProperties) = preSolution
		HideSolutionNode = FALSE
	EndGlobalSection
	GlobalSection(ExtensibilityGlobals) = postSolution
		SolutionGuid = {CE0E1458-97A4-4AA8-94FC-8E2D98AFD0E3}
	EndGlobalSection
EndGlobal
